
Microsoft Visual Studio Solution File, Format Version 12.00
# Visual Studio 15
VisualStudioVersion = 15.0.28307.489
MinimumVisualStudioVersion = 10.0.40219.1
Project("{FAE04EC0-301F-11D3-BF4B-00C04F79EFBC}") = "MechanicalRegions.Web", "MechanicalRegions.Web\MechanicalRegions.Web.csproj", "{303D564B-78A7-4307-B19A-884F379511C1}"
EndProject
Global
	GlobalSection(SolutionConfigurationPlatforms) = preSolution
		Debug|Any CPU = Debug|Any CPU
		Release|Any CPU = Release|Any CPU
	EndGlobalSection
	GlobalSection(ProjectConfigurationPlatforms) = postSolution
		{303D564B-78A7-4307-B19A-884F379511C1}.Debug|Any CPU.ActiveCfg = Debug|Any CPU
		{303D564B-78A7-4307-B19A-884F379511C1}.Debug|Any CPU.Build.0 = Debug|Any CPU
		{303D564B-78A7-4307-B19A-884F379511C1}.Release|Any CPU.ActiveCfg = Release|Any CPU
		{303D564B-78A7-4307-B19A-884F379511C1}.Release|Any CPU.Build.0 = Release|Any CPU
	EndGlobalSection
	GlobalSection(SolutionProperties) = preSolution
		HideSolutionNode = FALSE
	EndGlobalSection
	GlobalSection(ExtensibilityGlobals) = postSolution
		SolutionGuid = {98CDB232-F960-44DC-B831-F0850E51477F}
	EndGlobalSection
EndGlobal
